// !$*UTF8*$!
{
	archiveVersion = 1;
	classes = {
	};
	objectVersion = 46;
	objects = {

/* Begin PBXBuildFile section */
		D440E0521F2B33B300A5FF8A /* main.m in Sources */ = {isa = PBXBuildFile; fileRef = D440E0511F2B33B300A5FF8A /* main.m */; };
		D440E0551F2B33B300A5FF8A /* AppDelegate.m in Sources */ = {isa = PBXBuildFile; fileRef = D440E0541F2B33B300A5FF8A /* AppDelegate.m */; };
		D440E0581F2B33B300A5FF8A /* ViewController.m in Sources */ = {isa = PBXBuildFile; fileRef = D440E0571F2B33B300A5FF8A /* ViewController.m */; };
		D440E05B1F2B33B300A5FF8A /* Main.storyboard in Resources */ = {isa = PBXBuildFile; fileRef = D440E0591F2B33B300A5FF8A /* Main.storyboard */; };
		D440E05D1F2B33B300A5FF8A /* Assets.xcassets in Resources */ = {isa = PBXBuildFile; fileRef = D440E05C1F2B33B300A5FF8A /* Assets.xcassets */; };
		D440E0601F2B33B300A5FF8A /* LaunchScreen.storyboard in Resources */ = {isa = PBXBuildFile; fileRef = D440E05E1F2B33B300A5FF8A /* LaunchScreen.storyboard */; };
		D440E0691F2B33E200A5FF8A /* ELJumpWX.m in Sources */ = {isa = PBXBuildFile; fileRef = D440E0681F2B33E200A5FF8A /* ELJumpWX.m */; };
/* End PBXBuildFile section */

/* Begin PBXFileReference section */
		D440E04D1F2B33B300A5FF8A /* ELNongyao.app */ = {isa = PBXFileReference; explicitFileType = wrapper.application; includeInIndex = 0; path = ELNongyao.app; sourceTree = BUILT_PRODUCTS_DIR; };
		D440E0511F2B33B300A5FF8A /* main.m */ = {isa = PBXFileReference; lastKnownFileType = sourcecode.c.objc; path = main.m; sourceTree = "<group>"; };
		D440E0531F2B33B300A5FF8A /* AppDelegate.h */ = {isa = PBXFileReference; lastKnownFileType = sourcecode.c.h; path = AppDelegate.h; sourceTree = "<group>"; };
		D440E0541F2B33B300A5FF8A /* AppDelegate.m */ = {isa = PBXFileReference; lastKnownFileType = sourcecode.c.objc; path = AppDelegate.m; sourceTree = "<group>"; };
		D440E0561F2B33B300A5FF8A /* ViewController.h */ = {isa = PBXFileReference; lastKnownFileType = sourcecode.c.h; path = ViewController.h; sourceTree = "<group>"; };
		D440E0571F2B33B300A5FF8A /* ViewController.m */ = {isa = PBXFileReference; lastKnownFileType = sourcecode.c.objc; path = ViewController.m; sourceTree = "<group>"; };
		D440E05A1F2B33B300A5FF8A /* Base */ = {isa = PBXFileReference; lastKnownFileType = file.storyboard; name = Base; path = Base.lproj/Main.storyboard; sourceTree = "<group>"; };
		D440E05C1F2B33B300A5FF8A /* Assets.xcassets */ = {isa = PBXFileReference; lastKnownFileType = folder.assetcatalog; path = Assets.xcassets; sourceTree = "<group>"; };
		D440E05F1F2B33B300A5FF8A /* Base */ = {isa = PBXFileReference; lastKnownFileType = file.storyboard; name = Base; path = Base.lproj/LaunchScreen.storyboard; sourceTree = "<group>"; };
		D440E0611F2B33B300A5FF8A /* Info.plist */ = {isa = PBXFileReference; lastKnownFileType = text.plist.xml; path = Info.plist; sourceTree = "<group>"; };
		D440E0671F2B33E200A5FF8A /* ELJumpWX.h */ = {isa = PBXFileReference; fileEncoding = 4; lastKnownFileType = sourcecode.c.h; path = ELJumpWX.h; sourceTree = "<group>"; };
		D440E0681F2B33E200A5FF8A /* ELJumpWX.m */ = {isa = PBXFileReference; fileEncoding = 4; lastKnownFileType = sourcecode.c.objc; path = ELJumpWX.m; sourceTree = "<group>"; };
/* End PBXFileReference section */

/* Begin PBXFrameworksBuildPhase section */
		D440E04A1F2B33B300A5FF8A /* Frameworks */ = {
			isa = PBXFrameworksBuildPhase;
			buildActionMask = 2147483647;
			files = (
			);
			runOnlyForDeploymentPostprocessing = 0;
		};
/* End PBXFrameworksBuildPhase section */

/* Begin PBXGroup section */
		D440E0441F2B33B300A5FF8A = {
			isa = PBXGroup;
			children = (
				D440E04F1F2B33B300A5FF8A /* ELNongyao */,
				D440E04E1F2B33B300A5FF8A /* Products */,
			);
			sourceTree = "<group>";
		};
		D440E04E1F2B33B300A5FF8A /* Products */ = {
			isa = PBXGroup;
			children = (
				D440E04D1F2B33B300A5FF8A /* ELNongyao.app */,
			);
			name = Products;
			sourceTree = "<group>";
		};
		D440E04F1F2B33B300A5FF8A /* ELNongyao */ = {
			isa = PBXGroup;
			children = (
				D440E0531F2B33B300A5FF8A /* AppDelegate.h */,
				D440E0541F2B33B300A5FF8A /* AppDelegate.m */,
				D440E0561F2B33B300A5FF8A /* ViewController.h */,
				D440E0571F2B33B300A5FF8A /* ViewController.m */,
				D440E0671F2B33E200A5FF8A /* ELJumpWX.h */,
				D440E0681F2B33E200A5FF8A /* ELJumpWX.m */,
				D440E0591F2B33B300A5FF8A /* Main.storyboard */,
				D440E05C1F2B33B300A5FF8A /* Assets.xcassets */,
				D440E05E1F2B33B300A5FF8A /* LaunchScreen.storyboard */,
				D440E0611F2B33B300A5FF8A /* Info.plist */,
				D440E0501F2B33B300A5FF8A /* Supporting Files */,
			);
			path = ELNongyao;
			sourceTree = "<group>";
		};
		D440E0501F2B33B300A5FF8A /* Supporting Files */ = {
			isa = PBXGroup;
			children = (
				D440E0511F2B33B300A5FF8A /* main.m */,
			);
			name = "Supporting Files";
			sourceTree = "<group>";
		};
/* End PBXGroup section */

/* Begin PBXNativeTarget section */
		D440E04C1F2B33B300A5FF8A /* ELNongyao */ = {
			isa = PBXNativeTarget;
			buildConfigurationList = D440E0641F2B33B300A5FF8A /* Build configuration list for PBXNativeTarget "ELNongyao" */;
			buildPhases = (
				D440E0491F2B33B300A5FF8A /* Sources */,
				D440E04A1F2B33B300A5FF8A /* Frameworks */,
				D440E04B1F2B33B300A5FF8A /* Resources */,
			);
			buildRules = (
			);
			dependencies = (
			);
			name = ELNongyao;
			productName = ELNongyao;
			productReference = D440E04D1F2B33B300A5FF8A /* ELNongyao.app */;
			productType = "com.apple.product-type.application";
		};
/* End PBXNativeTarget section */

/* Begin PBXProject section */
		D440E0451F2B33B300A5FF8A /* Project object */ = {
			isa = PBXProject;
			attributes = {
				LastUpgradeCheck = 0830;
				ORGANIZATIONNAME = Parkin;
				TargetAttributes = {
					D440E04C1F2B33B300A5FF8A = {
						CreatedOnToolsVersion = 8.3.3;
						ProvisioningStyle = Automatic;
					};
				};
			};
			buildConfigurationList = D440E0481F2B33B300A5FF8A /* Build configuration list for PBXProject "ELNongyao" */;
			compatibilityVersion = "Xcode 3.2";
			developmentRegion = English;
			hasScannedForEncodings = 0;
			knownRegions = (
				en,
				Base,
			);
			mainGroup = D440E0441F2B33B300A5FF8A;
			productRefGroup = D440E04E1F2B33B300A5FF8A /* Products */;
			projectDirPath = "";
			projectRoot = "";
			targets = (
				D440E04C1F2B33B300A5FF8A /* ELNongyao */,
			);
		};
/* End PBXProject section */

/* Begin PBXResourcesBuildPhase section */
		D440E04B1F2B33B300A5FF8A /* Resources */ = {
			isa = PBXResourcesBuildPhase;
			buildActionMask = 2147483647;
			files = (
				D440E0601F2B33B300A5FF8A /* LaunchScreen.storyboard in Resources */,
				D440E05D1F2B33B300A5FF8A /* Assets.xcassets in Resources */,
				D440E05B1F2B33B300A5FF8A /* Main.storyboard in Resources */,
			);
			runOnlyForDeploymentPostprocessing = 0;
		};
/* End PBXResourcesBuildPhase section */

/* Begin PBXSourcesBuildPhase section */
		D440E0491F2B33B300A5FF8A /* Sources */ = {
			isa = PBXSourcesBuildPhase;
			buildActionMask = 2147483647;
			files = (
				D440E0581F2B33B300A5FF8A /* ViewController.m in Sources */,
				D440E0691F2B33E200A5FF8A /* ELJumpWX.m in Sources */,
				D440E0551F2B33B300A5FF8A /* AppDelegate.m in Sources */,
				D440E0521F2B33B300A5FF8A /* main.m in Sources */,
			);
			runOnlyForDeploymentPostprocessing = 0;
		};
/* End PBXSourcesBuildPhase section */

/* Begin PBXVariantGroup section */
		D440E0591F2B33B300A5FF8A /* Main.storyboard */ = {
			isa = PBXVariantGroup;
			children = (
				D440E05A1F2B33B300A5FF8A /* Base */,
			);
			name = Main.storyboard;
			sourceTree = "<group>";
		};
		D440E05E1F2B33B300A5FF8A /* LaunchScreen.storyboard */ = {
			isa = PBXVariantGroup;
			children = (
				D440E05F1F2B33B300A5FF8A /* Base */,
			);
			name = LaunchScreen.storyboard;
			sourceTree = "<group>";
		};
/* End PBXVariantGroup section */

/* Begin XCBuildConfiguration section */
		D440E0621F2B33B300A5FF8A /* Debug */ = {
			isa = XCBuildConfiguration;
			buildSettings = {
				ALWAYS_SEARCH_USER_PATHS = NO;
				CLANG_ANALYZER_NONNULL = YES;
				CLANG_ANALYZER_NUMBER_OBJECT_CONVERSION = YES_AGGRESSIVE;
				CLANG_CXX_LANGUAGE_STANDARD = "gnu++0x";
				CLANG_CXX_LIBRARY = "libc++";
				CLANG_ENABLE_MODULES = YES;
				CLANG_ENABLE_OBJC_ARC = YES;
				CLANG_WARN_BOOL_CONVERSION = YES;
				CLANG_WARN_CONSTANT_CONVERSION = YES;
				CLANG_WARN_DIRECT_OBJC_ISA_USAGE = YES_ERROR;
				CLANG_WARN_DOCUMENTATION_COMMENTS = YES;
				CLANG_WARN_EMPTY_BODY = YES;
				CLANG_WARN_ENUM_CONVERSION = YES;
				CLANG_WARN_INFINITE_RECURSION = YES;
				CLANG_WARN_INT_CONVERSION = YES;
				CLANG_WARN_OBJC_ROOT_CLASS = YES_ERROR;
				CLANG_WARN_SUSPICIOUS_MOVE = YES;
				CLANG_WARN_UNREACHABLE_CODE = YES;
				CLANG_WARN__DUPLICATE_METHOD_MATCH = YES;
				"CODE_SIGN_IDENTITY[sdk=iphoneos*]" = "iPhone Developer";
				COPY_PHASE_STRIP = NO;
				DEBUG_INFORMATION_FORMAT = dwarf;
				ENABLE_STRICT_OBJC_MSGSEND = YES;
				ENABLE_TESTABILITY = YES;
				GCC_C_LANGUAGE_STANDARD = gnu99;
				GCC_DYNAMIC_NO_PIC = NO;
				GCC_NO_COMMON_BLOCKS = YES;
				GCC_OPTIMIZATION_LEVEL = 0;
				GCC_PREPROCESSOR_DEFINITIONS = (
					"DEBUG=1",
					"$(inherited)",
				);
				GCC_WARN_64_TO_32_BIT_CONVERSION = YES;
				GCC_WARN_ABOUT_RETURN_TYPE = YES_ERROR;
				GCC_WARN_UNDECLARED_SELECTOR = YES;
				GCC_WARN_UNINITIALIZED_AUTOS = YES_AGGRESSIVE;
				GCC_WARN_UNUSED_FUNCTION = YES;
				GCC_WARN_UNUSED_VARIABLE = YES;
				IPHONEOS_DEPLOYMENT_TARGET = 10.3;
				MTL_ENABLE_DEBUG_INFO = YES;
				ONLY_ACTIVE_ARCH = YES;
				SDKROOT = iphoneos;
			};
			name = Debug;
		};
		D440E0631F2B33B300A5FF8A /* Release */ = {
			isa = XCBuildConfiguration;
			buildSettings = {
				ALWAYS_SEARCH_USER_PATHS = NO;
				CLANG_ANALYZER_NONNULL = YES;
				CLANG_ANALYZER_NUMBER_OBJECT_CONVERSION = YES_AGGRESSIVE;
				CLANG_CXX_LANGUAGE_STANDARD = "gnu++0x";
				CLANG_CXX_LIBRARY = "libc++";
				CLANG_ENABLE_MODULES = YES;
				CLANG_ENABLE_OBJC_ARC = YES;
				CLANG_WARN_BOOL_CONVERSION = YES;
				CLANG_WARN_CONSTANT_CONVERSION = YES;
				CLANG_WARN_DIRECT_OBJC_ISA_USAGE = YES_ERROR;
				CLANG_WARN_DOCUMENTATION_COMMENTS = YES;
				CLANG_WARN_EMPTY_BODY = YES;
				CLANG_WARN_ENUM_CONVERSION = YES;
				CLANG_WARN_INFINITE_RECURSION = YES;
				CLANG_WARN_INT_CONVERSION = YES;
				CLANG_WARN_OBJC_ROOT_CLASS = YES_ERROR;
				CLANG_WARN_SUSPICIOUS_MOVE = YES;
				CLANG_WARN_UNREACHABLE_CODE = YES;
				CLANG_WARN__DUPLICATE_METHOD_MATCH = YES;
				"CODE_SIGN_IDENTITY[sdk=iphoneos*]" = "iPhone Developer";
				COPY_PHASE_STRIP = NO;
				DEBUG_INFORMATION_FORMAT = "dwarf-with-dsym";
				ENABLE_NS_ASSERTIONS = NO;
				ENABLE_STRICT_OBJC_MSGSEND = YES;
				GCC_C_LANGUAGE_STANDARD = gnu99;
				GCC_NO_COMMON_BLOCKS = YES;
				GCC_WARN_64_TO_32_BIT_CONVERSION = YES;
				GCC_WARN_ABOUT_RETURN_TYPE = YES_ERROR;
				GCC_WARN_UNDECLARED_SELECTOR = YES;
				GCC_WARN_UNINITIALIZED_AUTOS = YES_AGGRESSIVE;
				GCC_WARN_UNUSED_FUNCTION = YES;
				GCC_WARN_UNUSED_VARIABLE = YES;
				IPHONEOS_DEPLOYMENT_TARGET = 10.3;
				MTL_ENABLE_DEBUG_INFO = NO;
				SDKROOT = iphoneos;
				VALIDATE_PRODUCT = YES;
			};
			name = Release;
		};
		D440E0651F2B33B300A5FF8A /* Debug */ = {
			isa = XCBuildConfiguration;
			buildSettings = {
				ASSETCATALOG_COMPILER_APPICON_NAME = AppIcon;
				INFOPLIST_FILE = ELNongyao/Info.plist;
				IPHONEOS_DEPLOYMENT_TARGET = 8.0;
				LD_RUNPATH_SEARCH_PATHS = "$(inherited) @executable_path/Frameworks";
				PRODUCT_BUNDLE_IDENTIFIER = yjoy800.ELNongyao;
				PRODUCT_NAME = "$(TARGET_NAME)";
			};
			name = Debug;
		};
		D440E0661F2B33B300A5FF8A /* Release */ = {
			isa = XCBuildConfiguration;
			buildSettings = {
				ASSETCATALOG_COMPILER_APPICON_NAME = AppIcon;
				INFOPLIST_FILE = ELNongyao/Info.plist;
				IPHONEOS_DEPLOYMENT_TARGET = 8.0;
				LD_RUNPATH_SEARCH_PATHS = "$(inherited) @executable_path/Frameworks";
				PRODUCT_BUNDLE_IDENTIFIER = yjoy800.ELNongyao;
				PRODUCT_NAME = "$(TARGET_NAME)";
			};
			name = Release;
		};
/* End XCBuildConfiguration section */

/* Begin XCConfigurationList section */
		D440E0481F2B33B300A5FF8A /* Build configuration list for PBXProject "ELNongyao" */ = {
			isa = XCConfigurationList;
			buildConfigurations = (
				D440E0621F2B33B300A5FF8A /* Debug */,
				D440E0631F2B33B300A5FF8A /* Release */,
			);
			defaultConfigurationIsVisible = 0;
			defaultConfigurationName = Release;
		};
		D440E0641F2B33B300A5FF8A /* Build configuration list for PBXNativeTarget "ELNongyao" */ = {
			isa = XCConfigurationList;
			buildConfigurations = (
				D440E0651F2B33B300A5FF8A /* Debug */,
				D440E0661F2B33B300A5FF8A /* Release */,
			);
			defaultConfigurationIsVisible = 0;
		};
/* End XCConfigurationList section */
	};
	rootObject = D440E0451F2B33B300A5FF8A /* Project object */;
}
